{
    "_meta": {
        "hash": {
            "sha256": "68d99a1bc0fd72aa095108cc5976863c36fc907d575d81a06a9fa6b755c9d4a8"
        },
        "pipfile-spec": 6,
        "requires": {
            "python_version": "3.10"
        },
        "sources": [
            {
                "name": "pypi",
                "url": "https://pypi.org/simple",
                "verify_ssl": true
            }
        ]
    },
    "default": {
        "apscheduler": {
            "hashes": [
                "sha256:3bb5229eed6fbbdafc13ce962712ae66e175aa214c69bed35a06bffcf0c5e244",
                "sha256:e8b1ecdb4c7cb2818913f766d5898183c7cb8936680710a4d3a966e02262e526"
            ],
            "version": "==3.6.3"
        },
        "cachetools": {
            "hashes": [
                "sha256:2cc0b89715337ab6dbba85b5b50effe2b0c74e035d83ee8ed637cf52f12ae001",
                "sha256:61b5ed1e22a0924aed1d23b478f37e8d52549ff8a961de2909c69bf950020cff"
            ],
            "markers": "python_version ~= '3.5'",
            "version": "==4.2.2"
        },
        "certifi": {
            "hashes": [
                "sha256:5a1e7645bc0ec61a09e26c36f6106dd4cf40c6db3a1fb6352b0244e7fb057c7b",
                "sha256:c198e21b1289c2ab85ee4e67bb4b4ef3ead0892059901a8d5b622f24a1101e90"
            ],
            "index": "pypi",
            "markers": "python_version >= '3.6'",
            "version": "==2024.7.4"
        },
        "python-telegram-bot": {
            "hashes": [
                "sha256:79abc66355af2310bbaaf7f41746230b996434e287f21f27070c92978dc0964f",
                "sha256:e9391d43eb1123de2677a9d24ea878a9d5327d65b2419afba653f476d26aecc3"
            ],
            "index": "pypi",
            "version": "==13.14"
        },
        "pytz": {
            "hashes": [
                "sha256:1d8ce29db189191fb55338ee6d0387d82ab59f3d00eac103412d64e0ebd0c588",
                "sha256:a151b3abb88eda1d4e34a9814df37de2a80e301e68ba0fd856fb9b46bfbbbffb"
            ],
            "version": "==2023.3"
        },
        "setuptools": {
            "hashes": [
                "sha256:c3a9c4211ff4c309edb8b8c4f1cbfa7ae324c4ba9f91ff254e3d305b9fd54561",
                "sha256:fcc17fd9cd898242f6b4adfaca46137a9edef687f43e6f78469692a5e70d851d"
            ],
            "index": "pypi",
            "markers": "python_version >= '3.9'",
            "version": "==78.1.1"
        },
        "six": {
            "hashes": [
                "sha256:1e61c37477a1626458e36f7b1d82aa5c9b094fa4802892072e49de9c60c4c926",
                "sha256:8abb2f1d86890a2dfb989f9a77cfcfd3e47c2a354b01111771326f8aa26e0254"
            ],
            "markers": "python_version >= '2.7' and python_version not in '3.0, 3.1, 3.2, 3.3'",
            "version": "==1.16.0"
        },
        "tornado": {
            "hashes": [
                "sha256:007f036f7b661e899bd9ef3fa5f87eb2cb4d1b2e7d67368e778e140a2f101a7a",
                "sha256:03576ab51e9b1677e4cdaae620d6700d9823568b7939277e4690fe4085886c55",
                "sha256:119c03f440a832128820e87add8a175d211b7f36e7ee161c631780877c28f4fb",
                "sha256:231f2193bb4c28db2bdee9e57bc6ca0cd491f345cd307c57d79613b058e807e0",
                "sha256:542e380658dcec911215c4820654662810c06ad872eefe10def6a5e9b20e9633",
                "sha256:7c625b9d03f1fb4d64149c47d0135227f0434ebb803e2008040eb92906b0105a",
                "sha256:9a0d8d2309faf015903080fb5bdd969ecf9aa5ff893290845cf3fd5b2dd101bc",
                "sha256:9ac1cbe1db860b3cbb251e795c701c41d343f06a96049d6274e7c77559117e41",
                "sha256:ab75fe43d0e1b3a5e3ceddb2a611cb40090dd116a84fc216a07a298d9e000471",
                "sha256:c70c0a26d5b2d85440e4debd14a8d0b463a0cf35d92d3af05f5f1ffa8675c826",
                "sha256:f81067dad2e4443b015368b24e802d0083fecada4f0a4572fdb72fc06e54a9a6",
                "sha256:fd20c816e31be1bbff1f7681f970bbbd0bb241c364220140228ba24242bcdc59"
            ],
            "index": "pypi",
            "markers": "python_version >= '3.9'",
            "version": "==6.5"
        },
        "tzlocal": {
            "hashes": [
                "sha256:46eb99ad4bdb71f3f72b7d24f4267753e240944ecfc16f25d2719ba89827a803",
                "sha256:f3596e180296aaf2dbd97d124fe76ae3a0e3d32b258447de7b939b3fd4be992f"
            ],
            "markers": "python_version >= '3.7'",
            "version": "==5.0.1"
        }
    },
    "develop": {}
}
